// !$*UTF8*$!
{
	archiveVersion = 1;
	classes = {
	};
	objectVersion = 46;
	objects = {

/* Begin PBXBuildFile section */
		B592767D1CF06EFE002D4288 /* AppDelegate.swift in Sources */ = {isa = PBXBuildFile; fileRef = B592767C1CF06EFE002D4288 /* AppDelegate.swift */; };
		B592767F1CF06EFF002D4288 /* FirstViewController.swift in Sources */ = {isa = PBXBuildFile; fileRef = B592767E1CF06EFE002D4288 /* FirstViewController.swift */; };
		B59276811CF06EFF002D4288 /* SecondViewController.swift in Sources */ = {isa = PBXBuildFile; fileRef = B59276801CF06EFF002D4288 /* SecondViewController.swift */; };
		B59276841CF06EFF002D4288 /* Main.storyboard in Resources */ = {isa = PBXBuildFile; fileRef = B59276821CF06EFF002D4288 /* Main.storyboard */; };
		B59276861CF06EFF002D4288 /* Assets.xcassets in Resources */ = {isa = PBXBuildFile; fileRef = B59276851CF06EFF002D4288 /* Assets.xcassets */; };
		B59276891CF06EFF002D4288 /* LaunchScreen.storyboard in Resources */ = {isa = PBXBuildFile; fileRef = B59276871CF06EFF002D4288 /* LaunchScreen.storyboard */; };
/* End PBXBuildFile section */

/* Begin PBXFileReference section */
		B59276791CF06EFE002D4288 /* Medchain.app */ = {isa = PBXFileReference; explicitFileType = wrapper.application; includeInIndex = 0; path = Medchain.app; sourceTree = BUILT_PRODUCTS_DIR; };
		B592767C1CF06EFE002D4288 /* AppDelegate.swift */ = {isa = PBXFileReference; lastKnownFileType = sourcecode.swift; path = AppDelegate.swift; sourceTree = "<group>"; };
		B592767E1CF06EFE002D4288 /* FirstViewController.swift */ = {isa = PBXFileReference; lastKnownFileType = sourcecode.swift; path = FirstViewController.swift; sourceTree = "<group>"; };
		B59276801CF06EFF002D4288 /* SecondViewController.swift */ = {isa = PBXFileReference; lastKnownFileType = sourcecode.swift; path = SecondViewController.swift; sourceTree = "<group>"; };
		B59276831CF06EFF002D4288 /* Base */ = {isa = PBXFileReference; lastKnownFileType = file.storyboard; name = Base; path = Base.lproj/Main.storyboard; sourceTree = "<group>"; };
		B59276851CF06EFF002D4288 /* Assets.xcassets */ = {isa = PBXFileReference; lastKnownFileType = folder.assetcatalog; path = Assets.xcassets; sourceTree = "<group>"; };
		B59276881CF06EFF002D4288 /* Base */ = {isa = PBXFileReference; lastKnownFileType = file.storyboard; name = Base; path = Base.lproj/LaunchScreen.storyboard; sourceTree = "<group>"; };
		B592768A1CF06EFF002D4288 /* Info.plist */ = {isa = PBXFileReference; lastKnownFileType = text.plist.xml; path = Info.plist; sourceTree = "<group>"; };
/* End PBXFileReference section */

/* Begin PBXFrameworksBuildPhase section */
		B59276761CF06EFE002D4288 /* Frameworks */ = {
			isa = PBXFrameworksBuildPhase;
			buildActionMask = 2147483647;
			files = (
			);
			runOnlyForDeploymentPostprocessing = 0;
		};
/* End PBXFrameworksBuildPhase section */

/* Begin PBXGroup section */
		B59276701CF06EFE002D4288 = {
			isa = PBXGroup;
			children = (
				B592767B1CF06EFE002D4288 /* Medchain */,
				B592767A1CF06EFE002D4288 /* Products */,
			);
			sourceTree = "<group>";
		};
		B592767A1CF06EFE002D4288 /* Products */ = {
			isa = PBXGroup;
			children = (
				B59276791CF06EFE002D4288 /* Medchain.app */,
			);
			name = Products;
			sourceTree = "<group>";
		};
		B592767B1CF06EFE002D4288 /* Medchain */ = {
			isa = PBXGroup;
			children = (
				B592767C1CF06EFE002D4288 /* AppDelegate.swift */,
				B592767E1CF06EFE002D4288 /* FirstViewController.swift */,
				B59276801CF06EFF002D4288 /* SecondViewController.swift */,
				B59276821CF06EFF002D4288 /* Main.storyboard */,
				B59276851CF06EFF002D4288 /* Assets.xcassets */,
				B59276871CF06EFF002D4288 /* LaunchScreen.storyboard */,
				B592768A1CF06EFF002D4288 /* Info.plist */,
			);
			path = Medchain;
			sourceTree = "<group>";
		};
/* End PBXGroup section */

/* Begin PBXNativeTarget section */
		B59276781CF06EFE002D4288 /* Medchain */ = {
			isa = PBXNativeTarget;
			buildConfigurationList = B592768D1CF06EFF002D4288 /* Build configuration list for PBXNativeTarget "Medchain" */;
			buildPhases = (
				B59276751CF06EFE002D4288 /* Sources */,
				B59276761CF06EFE002D4288 /* Frameworks */,
				B59276771CF06EFE002D4288 /* Resources */,
			);
			buildRules = (
			);
			dependencies = (
			);
			name = Medchain;
			productName = Medchain;
			productReference = B59276791CF06EFE002D4288 /* Medchain.app */;
			productType = "com.apple.product-type.application";
		};
/* End PBXNativeTarget section */

/* Begin PBXProject section */
		B59276711CF06EFE002D4288 /* Project object */ = {
			isa = PBXProject;
			attributes = {
				LastSwiftUpdateCheck = 0730;
				LastUpgradeCheck = 0730;
				ORGANIZATIONNAME = padblish;
				TargetAttributes = {
					B59276781CF06EFE002D4288 = {
						CreatedOnToolsVersion = 7.3.1;
					};
				};
			};
			buildConfigurationList = B59276741CF06EFE002D4288 /* Build configuration list for PBXProject "Medchain" */;
			compatibilityVersion = "Xcode 3.2";
			developmentRegion = English;
			hasScannedForEncodings = 0;
			knownRegions = (
				en,
				Base,
			);
			mainGroup = B59276701CF06EFE002D4288;
			productRefGroup = B592767A1CF06EFE002D4288 /* Products */;
			projectDirPath = "";
			projectRoot = "";
			targets = (
				B59276781CF06EFE002D4288 /* Medchain */,
			);
		};
/* End PBXProject section */

/* Begin PBXResourcesBuildPhase section */
		B59276771CF06EFE002D4288 /* Resources */ = {
			isa = PBXResourcesBuildPhase;
			buildActionMask = 2147483647;
			files = (
				B59276891CF06EFF002D4288 /* LaunchScreen.storyboard in Resources */,
				B59276861CF06EFF002D4288 /* Assets.xcassets in Resources */,
				B59276841CF06EFF002D4288 /* Main.storyboard in Resources */,
			);
			runOnlyForDeploymentPostprocessing = 0;
		};
/* End PBXResourcesBuildPhase section */

/* Begin PBXSourcesBuildPhase section */
		B59276751CF06EFE002D4288 /* Sources */ = {
			isa = PBXSourcesBuildPhase;
			buildActionMask = 2147483647;
			files = (
				B59276811CF06EFF002D4288 /* SecondViewController.swift in Sources */,
				B592767D1CF06EFE002D4288 /* AppDelegate.swift in Sources */,
				B592767F1CF06EFF002D4288 /* FirstViewController.swift in Sources */,
			);
			runOnlyForDeploymentPostprocessing = 0;
		};
/* End PBXSourcesBuildPhase section */

/* Begin PBXVariantGroup section */
		B59276821CF06EFF002D4288 /* Main.storyboard */ = {
			isa = PBXVariantGroup;
			children = (
				B59276831CF06EFF002D4288 /* Base */,
			);
			name = Main.storyboard;
			sourceTree = "<group>";
		};
		B59276871CF06EFF002D4288 /* LaunchScreen.storyboard */ = {
			isa = PBXVariantGroup;
			children = (
				B59276881CF06EFF002D4288 /* Base */,
			);
			name = LaunchScreen.storyboard;
			sourceTree = "<group>";
		};
/* End PBXVariantGroup section */

/* Begin XCBuildConfiguration section */
		B592768B1CF06EFF002D4288 /* Debug */ = {
			isa = XCBuildConfiguration;
			buildSettings = {
				ALWAYS_SEARCH_USER_PATHS = NO;
				CLANG_ANALYZER_NONNULL = YES;
				CLANG_CXX_LANGUAGE_STANDARD = "gnu++0x";
				CLANG_CXX_LIBRARY = "libc++";
				CLANG_ENABLE_MODULES = YES;
				CLANG_ENABLE_OBJC_ARC = YES;
				CLANG_WARN_BOOL_CONVERSION = YES;
				CLANG_WARN_CONSTANT_CONVERSION = YES;
				CLANG_WARN_DIRECT_OBJC_ISA_USAGE = YES_ERROR;
				CLANG_WARN_EMPTY_BODY = YES;
				CLANG_WARN_ENUM_CONVERSION = YES;
				CLANG_WARN_INT_CONVERSION = YES;
				CLANG_WARN_OBJC_ROOT_CLASS = YES_ERROR;
				CLANG_WARN_UNREACHABLE_CODE = YES;
				CLANG_WARN__DUPLICATE_METHOD_MATCH = YES;
				"CODE_SIGN_IDENTITY[sdk=iphoneos*]" = "iPhone Developer";
				COPY_PHASE_STRIP = NO;
				DEBUG_INFORMATION_FORMAT = dwarf;
				ENABLE_STRICT_OBJC_MSGSEND = YES;
				ENABLE_TESTABILITY = YES;
				GCC_C_LANGUAGE_STANDARD = gnu99;
				GCC_DYNAMIC_NO_PIC = NO;
				GCC_NO_COMMON_BLOCKS = YES;
				GCC_OPTIMIZATION_LEVEL = 0;
				GCC_PREPROCESSOR_DEFINITIONS = (
					"DEBUG=1",
					"$(inherited)",
				);
				GCC_WARN_64_TO_32_BIT_CONVERSION = YES;
				GCC_WARN_ABOUT_RETURN_TYPE = YES_ERROR;
				GCC_WARN_UNDECLARED_SELECTOR = YES;
				GCC_WARN_UNINITIALIZED_AUTOS = YES_AGGRESSIVE;
				GCC_WARN_UNUSED_FUNCTION = YES;
				GCC_WARN_UNUSED_VARIABLE = YES;
				IPHONEOS_DEPLOYMENT_TARGET = 9.3;
				MTL_ENABLE_DEBUG_INFO = YES;
				ONLY_ACTIVE_ARCH = YES;
				SDKROOT = iphoneos;
				SWIFT_OPTIMIZATION_LEVEL = "-Onone";
			};
			name = Debug;
		};
		B592768C1CF06EFF002D4288 /* Release */ = {
			isa = XCBuildConfiguration;
			buildSettings = {
				ALWAYS_SEARCH_USER_PATHS = NO;
				CLANG_ANALYZER_NONNULL = YES;
				CLANG_CXX_LANGUAGE_STANDARD = "gnu++0x";
				CLANG_CXX_LIBRARY = "libc++";
				CLANG_ENABLE_MODULES = YES;
				CLANG_ENABLE_OBJC_ARC = YES;
				CLANG_WARN_BOOL_CONVERSION = YES;
				CLANG_WARN_CONSTANT_CONVERSION = YES;
				CLANG_WARN_DIRECT_OBJC_ISA_USAGE = YES_ERROR;
				CLANG_WARN_EMPTY_BODY = YES;
				CLANG_WARN_ENUM_CONVERSION = YES;
				CLANG_WARN_INT_CONVERSION = YES;
				CLANG_WARN_OBJC_ROOT_CLASS = YES_ERROR;
				CLANG_WARN_UNREACHABLE_CODE = YES;
				CLANG_WARN__DUPLICATE_METHOD_MATCH = YES;
				"CODE_SIGN_IDENTITY[sdk=iphoneos*]" = "iPhone Developer";
				COPY_PHASE_STRIP = NO;
				DEBUG_INFORMATION_FORMAT = "dwarf-with-dsym";
				ENABLE_NS_ASSERTIONS = NO;
				ENABLE_STRICT_OBJC_MSGSEND = YES;
				GCC_C_LANGUAGE_STANDARD = gnu99;
				GCC_NO_COMMON_BLOCKS = YES;
				GCC_WARN_64_TO_32_BIT_CONVERSION = YES;
				GCC_WARN_ABOUT_RETURN_TYPE = YES_ERROR;
				GCC_WARN_UNDECLARED_SELECTOR = YES;
				GCC_WARN_UNINITIALIZED_AUTOS = YES_AGGRESSIVE;
				GCC_WARN_UNUSED_FUNCTION = YES;
				GCC_WARN_UNUSED_VARIABLE = YES;
				IPHONEOS_DEPLOYMENT_TARGET = 9.3;
				MTL_ENABLE_DEBUG_INFO = NO;
				SDKROOT = iphoneos;
				VALIDATE_PRODUCT = YES;
			};
			name = Release;
		};
		B592768E1CF06EFF002D4288 /* Debug */ = {
			isa = XCBuildConfiguration;
			buildSettings = {
				ASSETCATALOG_COMPILER_APPICON_NAME = AppIcon;
				INFOPLIST_FILE = Medchain/Info.plist;
				LD_RUNPATH_SEARCH_PATHS = "$(inherited) @executable_path/Frameworks";
				PRODUCT_BUNDLE_IDENTIFIER = com.padblish.Medchain;
				PRODUCT_NAME = "$(TARGET_NAME)";
			};
			name = Debug;
		};
		B592768F1CF06EFF002D4288 /* Release */ = {
			isa = XCBuildConfiguration;
			buildSettings = {
				ASSETCATALOG_COMPILER_APPICON_NAME = AppIcon;
				INFOPLIST_FILE = Medchain/Info.plist;
				LD_RUNPATH_SEARCH_PATHS = "$(inherited) @executable_path/Frameworks";
				PRODUCT_BUNDLE_IDENTIFIER = com.padblish.Medchain;
				PRODUCT_NAME = "$(TARGET_NAME)";
			};
			name = Release;
		};
/* End XCBuildConfiguration section */

/* Begin XCConfigurationList section */
		B59276741CF06EFE002D4288 /* Build configuration list for PBXProject "Medchain" */ = {
			isa = XCConfigurationList;
			buildConfigurations = (
				B592768B1CF06EFF002D4288 /* Debug */,
				B592768C1CF06EFF002D4288 /* Release */,
			);
			defaultConfigurationIsVisible = 0;
			defaultConfigurationName = Release;
		};
		B592768D1CF06EFF002D4288 /* Build configuration list for PBXNativeTarget "Medchain" */ = {
			isa = XCConfigurationList;
			buildConfigurations = (
				B592768E1CF06EFF002D4288 /* Debug */,
				B592768F1CF06EFF002D4288 /* Release */,
			);
			defaultConfigurationIsVisible = 0;
		};
/* End XCConfigurationList section */
	};
	rootObject = B59276711CF06EFE002D4288 /* Project object */;
}
